
Microsoft Visual Studio Solution File, Format Version 12.00
# Visual Studio Version 16
VisualStudioVersion = 16.0.29326.143
MinimumVisualStudioVersion = 10.0.40219.1
Project("{FAE04EC0-301F-11D3-BF4B-00C04F79EFBC}") = "ThreeLayer_Entity", "Homework12_ThreeLayer_Entity\ThreeLayer_Entity.csproj", "{3CFA1459-DDDA-4329-8076-E59E7ACA20FC}"
EndProject
Project("{FAE04EC0-301F-11D3-BF4B-00C04F79EFBC}") = "DAL", "Homework12_DAL\DAL.csproj", "{CD17CF39-474E-4612-B07F-C94DA80913D3}"
EndProject
Project("{FAE04EC0-301F-11D3-BF4B-00C04F79EFBC}") = "BussinessLogicLayer", "Homework12_BLL\BussinessLogicLayer.csproj", "{FA08CBA2-C652-43AA-A6E8-5215C441E7FC}"
EndProject
Project("{FAE04EC0-301F-11D3-BF4B-00C04F79EFBC}") = "PresentationLayer", "Homework12_PL\PresentationLayer.csproj", "{03E0C191-7249-4656-92E2-FE3E12F28325}"
EndProject
Project("{FAE04EC0-301F-11D3-BF4B-00C04F79EFBC}") = "Common", "Homework12_Common\Common.csproj", "{83B9046C-731D-4A8A-BAE4-0893E32E69C9}"
EndProject
Global
	GlobalSection(SolutionConfigurationPlatforms) = preSolution
		Debug|Any CPU = Debug|Any CPU
		Release|Any CPU = Release|Any CPU
	EndGlobalSection
	GlobalSection(ProjectConfigurationPlatforms) = postSolution
		{3CFA1459-DDDA-4329-8076-E59E7ACA20FC}.Debug|Any CPU.ActiveCfg = Debug|Any CPU
		{3CFA1459-DDDA-4329-8076-E59E7ACA20FC}.Debug|Any CPU.Build.0 = Debug|Any CPU
		{3CFA1459-DDDA-4329-8076-E59E7ACA20FC}.Release|Any CPU.ActiveCfg = Release|Any CPU
		{3CFA1459-DDDA-4329-8076-E59E7ACA20FC}.Release|Any CPU.Build.0 = Release|Any CPU
		{CD17CF39-474E-4612-B07F-C94DA80913D3}.Debug|Any CPU.ActiveCfg = Debug|Any CPU
		{CD17CF39-474E-4612-B07F-C94DA80913D3}.Debug|Any CPU.Build.0 = Debug|Any CPU
		{CD17CF39-474E-4612-B07F-C94DA80913D3}.Release|Any CPU.ActiveCfg = Release|Any CPU
		{CD17CF39-474E-4612-B07F-C94DA80913D3}.Release|Any CPU.Build.0 = Release|Any CPU
		{FA08CBA2-C652-43AA-A6E8-5215C441E7FC}.Debug|Any CPU.ActiveCfg = Debug|Any CPU
		{FA08CBA2-C652-43AA-A6E8-5215C441E7FC}.Debug|Any CPU.Build.0 = Debug|Any CPU
		{FA08CBA2-C652-43AA-A6E8-5215C441E7FC}.Release|Any CPU.ActiveCfg = Release|Any CPU
		{FA08CBA2-C652-43AA-A6E8-5215C441E7FC}.Release|Any CPU.Build.0 = Release|Any CPU
		{03E0C191-7249-4656-92E2-FE3E12F28325}.Debug|Any CPU.ActiveCfg = Debug|Any CPU
		{03E0C191-7249-4656-92E2-FE3E12F28325}.Debug|Any CPU.Build.0 = Debug|Any CPU
		{03E0C191-7249-4656-92E2-FE3E12F28325}.Release|Any CPU.ActiveCfg = Release|Any CPU
		{03E0C191-7249-4656-92E2-FE3E12F28325}.Release|Any CPU.Build.0 = Release|Any CPU
		{83B9046C-731D-4A8A-BAE4-0893E32E69C9}.Debug|Any CPU.ActiveCfg = Debug|Any CPU
		{83B9046C-731D-4A8A-BAE4-0893E32E69C9}.Debug|Any CPU.Build.0 = Debug|Any CPU
		{83B9046C-731D-4A8A-BAE4-0893E32E69C9}.Release|Any CPU.ActiveCfg = Release|Any CPU
		{83B9046C-731D-4A8A-BAE4-0893E32E69C9}.Release|Any CPU.Build.0 = Release|Any CPU
	EndGlobalSection
	GlobalSection(SolutionProperties) = preSolution
		HideSolutionNode = FALSE
	EndGlobalSection
	GlobalSection(ExtensibilityGlobals) = postSolution
		SolutionGuid = {F431F68C-1BD1-4F83-A238-08E882A9B2C2}
	EndGlobalSection
EndGlobal
